
Microsoft Visual Studio Solution File, Format Version 12.00
# Visual Studio Version 17
VisualStudioVersion = 17.9.34701.34
MinimumVisualStudioVersion = 10.0.40219.1
Project("{FAE04EC0-301F-11D3-BF4B-00C04F79EFBC}") = "FasterBiosculpterPod", "FasterBiosculpterPod.csproj", "{65350D7A-FF28-4A68-8B4B-2AFA7DB491AB}"
EndProject
Global
	GlobalSection(SolutionConfigurationPlatforms) = preSolution
		Debug|Any CPU = Debug|Any CPU
		Release|Any CPU = Release|Any CPU
	EndGlobalSection
	GlobalSection(ProjectConfigurationPlatforms) = postSolution
		{65350D7A-FF28-4A68-8B4B-2AFA7DB491AB}.Debug|Any CPU.ActiveCfg = Debug|Any CPU
		{65350D7A-FF28-4A68-8B4B-2AFA7DB491AB}.Debug|Any CPU.Build.0 = Debug|Any CPU
		{65350D7A-FF28-4A68-8B4B-2AFA7DB491AB}.Release|Any CPU.ActiveCfg = Release|Any CPU
		{65350D7A-FF28-4A68-8B4B-2AFA7DB491AB}.Release|Any CPU.Build.0 = Release|Any CPU
	EndGlobalSection
	GlobalSection(SolutionProperties) = preSolution
		HideSolutionNode = FALSE
	EndGlobalSection
	GlobalSection(ExtensibilityGlobals) = postSolution
		SolutionGuid = {2A239591-E009-4410-814A-0472396CD1AC}
	EndGlobalSection
	GlobalSection(AutomaticVersions) = postSolution
		UpdateAssemblyVersion.Debug|Any CPU = True
		UpdateAssemblyFileVersion.Debug|Any CPU = True
		UpdateAssemblyInfoVersion.Debug|Any CPU = True
		AssemblyVersionSettings.Debug|Any CPU = None.None.DeltaDayStamp.HalfOfSecondsSinceMidnight
		AssemblyFileVersionSettings.Debug|Any CPU = None.None.DeltaDayStamp.HalfOfSecondsSinceMidnight
		UpdatePackageVersion.Debug|Any CPU = False
		AssemblyInfoVersionSemVerSettings.Debug|Any CPU = AssemblyVersion.None.None
		AssemblyInfoVersionType.Debug|Any CPU = SemVer1
		InheritWinAppVersionFrom.Debug|Any CPU = None
	EndGlobalSection
EndGlobal
